
Microsoft Visual Studio Solution File, Format Version 12.00
# Visual Studio Version 17
VisualStudioVersion = 17.0.31903.59
MinimumVisualStudioVersion = 10.0.40219.1
Project("{FAE04EC0-301F-11D3-BF4B-00C04F79EFBC}") = "1.FactoryPattern", "1.FactoryPattern\1.FactoryPattern.csproj", "{4CB77E36-A24F-4995-B4ED-A5647B631A21}"
EndProject
Project("{FAE04EC0-301F-11D3-BF4B-00C04F79EFBC}") = "FactoryPattern", "FactoryPattern\FactoryPattern.csproj", "{B706BEF4-C89D-470B-B0F3-E0C6528E3D53}"
EndProject
Project("{FAE04EC0-301F-11D3-BF4B-00C04F79EFBC}") = "0.FactoryPattern", "0.FactoryPattern\0.FactoryPattern.csproj", "{6FE44C41-89C0-42C2-A178-6A45FB310E31}"
EndProject
Global
	GlobalSection(SolutionConfigurationPlatforms) = preSolution
		Debug|Any CPU = Debug|Any CPU
		Release|Any CPU = Release|Any CPU
	EndGlobalSection
	GlobalSection(SolutionProperties) = preSolution
		HideSolutionNode = FALSE
	EndGlobalSection
	GlobalSection(ProjectConfigurationPlatforms) = postSolution
		{4CB77E36-A24F-4995-B4ED-A5647B631A21}.Debug|Any CPU.ActiveCfg = Debug|Any CPU
		{4CB77E36-A24F-4995-B4ED-A5647B631A21}.Debug|Any CPU.Build.0 = Debug|Any CPU
		{4CB77E36-A24F-4995-B4ED-A5647B631A21}.Release|Any CPU.ActiveCfg = Release|Any CPU
		{4CB77E36-A24F-4995-B4ED-A5647B631A21}.Release|Any CPU.Build.0 = Release|Any CPU
		{B706BEF4-C89D-470B-B0F3-E0C6528E3D53}.Debug|Any CPU.ActiveCfg = Debug|Any CPU
		{B706BEF4-C89D-470B-B0F3-E0C6528E3D53}.Debug|Any CPU.Build.0 = Debug|Any CPU
		{B706BEF4-C89D-470B-B0F3-E0C6528E3D53}.Release|Any CPU.ActiveCfg = Release|Any CPU
		{B706BEF4-C89D-470B-B0F3-E0C6528E3D53}.Release|Any CPU.Build.0 = Release|Any CPU
		{6FE44C41-89C0-42C2-A178-6A45FB310E31}.Debug|Any CPU.ActiveCfg = Debug|Any CPU
		{6FE44C41-89C0-42C2-A178-6A45FB310E31}.Debug|Any CPU.Build.0 = Debug|Any CPU
		{6FE44C41-89C0-42C2-A178-6A45FB310E31}.Release|Any CPU.ActiveCfg = Release|Any CPU
		{6FE44C41-89C0-42C2-A178-6A45FB310E31}.Release|Any CPU.Build.0 = Release|Any CPU
	EndGlobalSection
EndGlobal
